Microsoft Visual Studio Solution File, Format Version 12.00
# Visual Studio Version 17
VisualStudioVersion = 17.12.35309.182
MinimumVisualStudioVersion = 10.0.40219.1
Project("{2150E333-8FDC-42A3-9474-1A3956D46DE8}") = "libs", "libs", "{699D8A8D-0240-4FFA-838D-F2F4565E0654}"
EndProject
Project("{2150E333-8FDC-42A3-9474-1A3956D46DE8}") = "game", "game", "{0D04860E-B7C5-44AE-A748-9A875169AA35}"
EndProject
Project("{2150E333-8FDC-42A3-9474-1A3956D46DE8}") = "game_uwp", "game_uwp", "{987001C9-3670-4531-8765-FACB498CD828}"
EndProject
Project("{8BC9CEB8-8B4A-11D0-8D11-00A0C91BC942}") = "choreo", "src\libs\choreo\choreo.vcxproj", "{DAF6B0DE-E050-453E-AB92-9CF3405E4A11}"
EndProject
Project("{8BC9CEB8-8B4A-11D0-8D11-00A0C91BC942}") = "poser", "src\libs\poser\poser.vcxproj", "{51C3AAA8-31AF-4733-9E89-74C711162E31}"
EndProject
Project("{8BC9CEB8-8B4A-11D0-8D11-00A0C91BC942}") = "Pure3D", "src\libs\pure3d\Pure3D.vcxproj", "{67904E19-DE3B-4707-8F96-13AA64DBF58A}"
EndProject
Project("{8BC9CEB8-8B4A-11D0-8D11-00A0C91BC942}") = "radcontent", "src\libs\radcontent\radcontent.vcxproj", "{B5C1C3A8-11BC-4D82-A7EB-A85B22DB74EA}"
EndProject
Project("{2150E333-8FDC-42A3-9474-1A3956D46DE8}") = "rad", "rad", "{480B0BF9-11CF-42B3-B53E-DDE6D23EFDC6}"
EndProject
Project("{8BC9CEB8-8B4A-11D0-8D11-00A0C91BC942}") = "radcore", "src\libs\radcore\radcore.vcxproj", "{3772A735-0353-433A-A8A2-EB45C84F9139}"
EndProject
Project("{8BC9CEB8-8B4A-11D0-8D11-00A0C91BC942}") = "radmath", "src\libs\radmath\radmath.vcxproj", "{906E914F-EB63-4B12-9F07-00A727472080}"
EndProject
Project("{8BC9CEB8-8B4A-11D0-8D11-00A0C91BC942}") = "radmovie", "src\libs\radmovie\radmovie.vcxproj", "{DFAABD95-D93E-4ADE-85ED-E75989E95419}"
EndProject
Project("{8BC9CEB8-8B4A-11D0-8D11-00A0C91BC942}") = "radmusic", "src\libs\radmusic\radmusic.vcxproj", "{FD6569BA-9760-436F-8A03-6570BC25F2E4}"
EndProject
Project("{8BC9CEB8-8B4A-11D0-8D11-00A0C91BC942}") = "radscript", "src\libs\radscript\radscript.vcxproj", "{E5114613-E9F3-42F5-BBD7-2C6606A36BE2}"
EndProject
Project("{8BC9CEB8-8B4A-11D0-8D11-00A0C91BC942}") = "radsound", "src\libs\radsound\radsound.vcxproj", "{274D5705-B0A2-4629-8BCF-03ED96A7C9D0}"
EndProject
Project("{8BC9CEB8-8B4A-11D0-8D11-00A0C91BC942}") = "ScroobyLib", "src\libs\scrooby\ScroobyLib.vcxproj", "{60778B7D-0909-46D2-896F-8805097224A3}"
EndProject
Project("{8BC9CEB8-8B4A-11D0-8D11-00A0C91BC942}") = "sim", "src\libs\sim\sim.vcxproj", "{9DCF328B-47FD-4E70-8617-2256EF09FF62}"
EndProject
Project("{8BC9CEB8-8B4A-11D0-8D11-00A0C91BC942}") = "SRR2", "src\game\SRR2.vcxproj", "{4759F797-EA05-4642-832A-A8BB580C577B}"
EndProject
Global
	GlobalSection(SolutionConfigurationPlatforms) = preSolution
		Debug|x86 = Debug|x86
		Release|x86 = Release|x86
+		Release|x64 = Release|x64
		Tune|x86 = Tune|x86
	EndGlobalSection
	GlobalSection(ProjectConfigurationPlatforms) = postSolution
		{DAF6B0DE-E050-453E-AB92-9CF3405E4A11}.Debug|x86.ActiveCfg = Debug|Win32
		{DAF6B0DE-E050-453E-AB92-9CF3405E4A11}.Debug|x86.Build.0 = Debug|Win32
		{DAF6B0DE-E050-453E-AB92-9CF3405E4A11}.Release|x86.ActiveCfg = Release|Win32
		{DAF6B0DE-E050-453E-AB92-9CF3405E4A11}.Release|x86.Build.0 = Release|Win32
+		{DAF6B0DE-E050-453E-AB92-9CF3405E4A11}.Release|x64.ActiveCfg = Release|x64
+		{DAF6B0DE-E050-453E-AB92-9CF3405E4A11}.Release|x64.Build.0 = Release|x64
		{DAF6B0DE-E050-453E-AB92-9CF3405E4A11}.Tune|x86.ActiveCfg = Tune|Win32
		{DAF6B0DE-E050-453E-AB92-9CF3405E4A11}.Tune|x86.Build.0 = Tune|Win32

		{51C3AAA8-31AF-4733-9E89-74C711162E31}.Debug|x86.ActiveCfg = Debug|Win32
		{51C3AAA8-31AF-4733-9E89-74C711162E31}.Debug|x86.Build.0 = Debug|Win32
		{51C3AAA8-31AF-4733-9E89-74C711162E31}.Release|x86.ActiveCfg = Release|Win32
		{51C3AAA8-31AF-4733-9E89-74C711162E31}.Release|x86.Build.0 = Release|Win32
+		{51C3AAA8-31AF-4733-9E89-74C711162E31}.Release|x64.ActiveCfg = Release|x64
+		{51C3AAA8-31AF-4733-9E89-74C711162E31}.Release|x64.Build.0 = Release|x64
		{51C3AAA8-31AF-4733-9E89-74C711162E31}.Tune|x86.ActiveCfg = Tune|Win32
		{51C3AAA8-31AF-4733-9E89-74C711162E31}.Tune|x86.Build.0 = Tune|Win32

		{67904E19-DE3B-4707-8F96-13AA64DBF58A}.Debug|x86.ActiveCfg = Debug|Win32
		{67904E19-DE3B-4707-8F96-13AA64DBF58A}.Debug|x86.Build.0 = Debug|Win32
		{67904E19-DE3B-4707-8F96-13AA64DBF58A}.Release|x86.ActiveCfg = Release|Win32
		{67904E19-DE3B-4707-8F96-13AA64DBF58A}.Release|x86.Build.0 = Release|Win32
+		{67904E19-DE3B-4707-8F96-13AA64DBF58A}.Release|x64.ActiveCfg = Release|x64
+		{67904E19-DE3B-4707-8F96-13AA64DBF58A}.Release|x64.Build.0 = Release|x64
		{67904E19-DE3B-4707-8F96-13AA64DBF58A}.Tune|x86.ActiveCfg = Tune|Win32
		{67904E19-DE3B-4707-8F96-13AA64DBF58A}.Tune|x86.Build.0 = Tune|Win32

		{B5C1C3A8-11BC-4D82-A7EB-A85B22DB74EA}.Debug|x86.ActiveCfg = Debug|Win32
		{B5C1C3A8-11BC-4D82-A7EB-A85B22DB74EA}.Debug|x86.Build.0 = Debug|Win32
		{B5C1C3A8-11BC-4D82-A7EB-A85B22DB74EA}.Release|x86.ActiveCfg = Release|Win32
		{B5C1C3A8-11BC-4D82-A7EB-A85B22DB74EA}.Release|x86.Build.0 = Release|Win32
+		{B5C1C3A8-11BC-4D82-A7EB-A85B22DB74EA}.Release|x64.ActiveCfg = Release|x64
+		{B5C1C3A8-11BC-4D82-A7EB-A85B22DB74EA}.Release|x64.Build.0 = Release|x64
		{B5C1C3A8-11BC-4D82-A7EB-A85B22DB74EA}.Tune|x86.ActiveCfg = Tune|Win32
		{B5C1C3A8-11BC-4D82-A7EB-A85B22DB74EA}.Tune|x86.Build.0 = Tune|Win32

		{3772A735-0353-433A-A8A2-EB45C84F9139}.Debug|x86.ActiveCfg = Debug|Win32
		{3772A735-0353-433A-A8A2-EB45C84F9139}.Debug|x86.Build.0 = Debug|Win32
		{3772A735-0353-433A-A8A2-EB45C84F9139}.Release|x86.ActiveCfg = Release|Win32
		{3772A735-0353-433A-A8A2-EB45C84F9139}.Release|x86.Build.0 = Release|Win32
+		{3772A735-0353-433A-A8A2-EB45C84F9139}.Release|x64.ActiveCfg = Release|x64
+		{3772A735-0353-433A-A8A2-EB45C84F9139}.Release|x64.Build.0 = Release|x64
		{3772A735-0353-433A-A8A2-EB45C84F9139}.Tune|x86.ActiveCfg = Tune|Win32
		{3772A735-0353-433A-A8A2-EB45C84F9139}.Tune|x86.Build.0 = Tune|Win32

		{906E914F-EB63-4B12-9F07-00A727472080}.Debug|x86.ActiveCfg = Debug|Win32
		{906E914F-EB63-4B12-9F07-00A727472080}.Debug|x86.Build.0 = Debug|Win32
		{906E914F-EB63-4B12-9F07-00A727472080}.Release|x86.ActiveCfg = Release|Win32
		{906E914F-EB63-4B12-9F07-00A727472080}.Release|x86.Build.0 = Release|Win32
+		{906E914F-EB63-4B12-9F07-00A727472080}.Release|x64.ActiveCfg = Release|x64
+		{906E914F-EB63-4B12-9F07-00A727472080}.Release|x64.Build.0 = Release|x64
		{906E914F-EB63-4B12-9F07-00A727472080}.Tune|x86.ActiveCfg = Tune|Win32
		{906E914F-EB63-4B12-9F07-00A727472080}.Tune|x86.Build.0 = Tune|Win32

		{DFAABD95-D93E-4ADE-85ED-E75989E95419}.Debug|x86.ActiveCfg = Debug|Win32
		{DFAABD95-D93E-4ADE-85ED-E75989E95419}.Debug|x86.Build.0 = Debug|Win32
		{DFAABD95-D93E-4ADE-85ED-E75989E95419}.Release|x86.ActiveCfg = Release|Win32
		{DFAABD95-D93E-4ADE-85ED-E75989E95419}.Release|x86.Build.0 = Release|Win32
+		{DFAABD95-D93E-4ADE-85ED-E75989E95419}.Release|x64.ActiveCfg = Release|x64
+		{DFAABD95-D93E-4ADE-85ED-E75989E95419}.Release|x64.Build.0 = Release|x64
		{DFAABD95-D93E-4ADE-85ED-E75989E95419}.Tune|x86.ActiveCfg = Tune|Win32
		{DFAABD95-D93E-4ADE-85ED-E75989E95419}.Tune|x86.Build.0 = Tune|Win32

		{FD6569BA-9760-436F-8A03-6570BC25F2E4}.Debug|x86.ActiveCfg = Debug|Win32
		{FD6569BA-9760-436F-8A03-6570BC25F2E4}.Debug|x86.Build.0 = Debug|Win32
		{FD6569BA-9760-436F-8A03-6570BC25F2E4}.Release|x86.ActiveCfg = Release|Win32
		{FD6569BA-9760-436F-8A03-6570BC25F2E4}.Release|x86.Build.0 = Release|Win32
+		{FD6569BA-9760-436F-8A03-6570BC25F2E4}.Release|x64.ActiveCfg = Release|x64
+		{FD6569BA-9760-436F-8A03-6570BC25F2E4}.Release|x64.Build.0 = Release|x64
		{FD6569BA-9760-436F-8A03-6570BC25F2E4}.Tune|x86.ActiveCfg = Tune|Win32
		{FD6569BA-9760-436F-8A03-6570BC25F2E4}.Tune|x86.Build.0 = Tune|Win32

		{E5114613-E9F3-42F5-BBD7-2C6606A36BE2}.Debug|x86.ActiveCfg = Debug|Win32
		{E5114613-E9F3-42F5-BBD7-2C6606A36BE2}.Debug|x86.Build.0 = Debug|Win32
		{E5114613-E9F3-42F5-BBD7-2C6606A36BE2}.Release|x64.ActiveCfg = Release|x64
		{E5114613-E9F3-42F5-BBD7-2C6606A36BE2}.Release|x64.Build.0 = Release|x64
	{E5114613-E9F3-42F5-BBD7-2C6606A36BE2}.Tune|x86.ActiveCfg = Tune|Win32
	{E5114613-E9F3-42F5-BBD7-2C6606A36BE2}.Tune|x86.Build.0 = Tune|Win32

	{274D5705-B0A2-4629-8BCF-03ED96A7C9D0}.Debug|x86.ActiveCfg = Debug|Win32
	{274D5705-B0A2-4629-8BCF-03ED96A7C9D0}.Debug|x86.Build.0 = Debug|Win32
	{274D5705-B0A2-4629-8BCF-03ED96A7C9D0}.Release|x86.ActiveCfg = Release|Win32
	{274D5705-B0A2-4629-8BCF-03ED96A7C9D0}.Release|x86.Build.0 = Release|Win32
	{274D5705-B0A2-4629-8BCF-03ED96A7C9D0}.Release|x64.ActiveCfg = Release|x64
	{274D5705-B0A2-4629-8BCF-03ED96A7C9D0}.Release|x64.Build.0 = Release|x64
	{274D5705-B0A2-4629-8BCF-03ED96A7C9D0}.Tune|x86.ActiveCfg = Tune|Win32
	{274D5705-B0A2-4629-8BCF-03ED96A7C9D0}.Tune|x86.Build.0 = Tune|Win32

	{60778B7D-0909-46D2-896F-8805097224A3}.Debug|x86.ActiveCfg = Debug|Win32
	{60778B7D-0909-46D2-896F-8805097224A3}.Debug|x86.Build.0 = Debug|Win32
	{60778B7D-0909-46D2-896F-8805097224A3}.Release|x86.ActiveCfg = Release|Win32
	{60778B7D-0909-46D2-896F-8805097224A3}.Release|x86.Build.0 = Release|Win32
	{60778B7D-0909-46D2-896F-8805097224A3}.Release|x64.ActiveCfg = Release|x64
	{60778B7D-0909-46D2-896F-8805097224A3}.Release|x64.Build.0 = Release|x64
	{60778B7D-0909-46D2-896F-8805097224A3}.Tune|x86.ActiveCfg = Tune|Win32
	{60778B7D-0909-46D2-896F-8805097224A3}.Tune|x86.Build.0 = Tune|Win32

	{9DCF328B-47FD-4E70-8617-2256EF09FF62}.Debug|x86.ActiveCfg = Debug|Win32
	{9DCF328B-47FD-4E70-8617-2256EF09FF62}.Debug|x86.Build.0 = Debug|Win32
	{9DCF328B-47FD-4E70-8617-2256EF09FF62}.Release|x86.ActiveCfg = Release|Win32
	{9DCF328B-47FD-4E70-8617-2256EF09FF62}.Release|x86.Build.0 = Release|Win32
	{9DCF328B-47FD-4E70-8617-2256EF09FF62}.Release|x64.ActiveCfg = Release|x64
	{9DCF328B-47FD-4E70-8617-2256EF09FF62}.Release|x64.Build.0 = Release|x64
	{9DCF328B-47FD-4E70-8617-2256EF09FF62}.Tune|x86.ActiveCfg = Tune|Win32
	{9DCF328B-47FD-4E70-8617-2256EF09FF62}.Tune|x86.Build.0 = Tune|Win32

	{4759F797-EA05-4642-832A-A8BB580C577B}.Debug|x86.ActiveCfg = Debug|Win32
	{4759F797-EA05-4642-832A-A8BB580C577B}.Debug|x86.Build.0 = Debug|Win32
	{4759F797-EA05-4642-832A-A8BB580C577B}.Release|x86.ActiveCfg = Release|Win32
	{4759F797-EA05-4642-832A-A8BB580C577B}.Release|x86.Build.0 = Release|Win32
	{4759F797-EA05-4642-832A-A8BB580C577B}.Release|x64.ActiveCfg = Release|x64
	{4759F797-EA05-4642-832A-A8BB580C577B}.Release|x64.Build.0 = Release|x64
	{4759F797-EA05-4642-832A-A8BB580C577B}.Tune|x86.ActiveCfg = Tune|Win32
	{4759F797-EA05-4642-832A-A8BB580C577B}.Tune|x86.Build.0 = Tune|Win32
		EndGlobalSection
	GlobalSection(SolutionProperties) = preSolution
		HideSolutionNode = FALSE
	EndGlobalSection
	GlobalSection(NestedProjects) = preSolution
		{DAF6B0DE-E050-453E-AB92-9CF3405E4A11} = {699D8A8D-0240-4FFA-838D-F2F4565E0654}
		{51C3AAA8-31AF-4733-9E89-74C711162E31} = {699D8A8D-0240-4FFA-838D-F2F4565E0654}
		{67904E19-DE3B-4707-8F96-13AA64DBF58A} = {699D8A8D-0240-4FFA-838D-F2F4565E0654}
		{B5C1C3A8-11BC-4D82-A7EB-A85B22DB74EA} = {480B0BF9-11CF-42B3-B53E-DDE6D23EFDC6}
		{480B0BF9-11CF-42B3-B53E-DDE6D23EFDC6} = {699D8A8D-0240-4FFA-838D-F2F4565E0654}
		{3772A735-0353-433A-A8A2-EB45C84F9139} = {480B0BF9-11CF-42B3-B53E-DDE6D23EFDC6}
		{906E914F-EB63-4B12-9F07-00A727472080} = {480B0BF9-11CF-42B3-B53E-DDE6D23EFDC6}
		{DFAABD95-D93E-4ADE-85ED-E75989E95419} = {480B0BF9-11CF-42B3-B53E-DDE6D23EFDC6}
		{FD6569BA-9760-436F-8A03-6570BC25F2E4} = {480B0BF9-11CF-42B3-B53E-DDE6D23EFDC6}
		{E5114613-E9F3-42F5-BBD7-2C6606A36BE2} = {480B0BF9-11CF-42B3-B53E-DDE6D23EFDC6}
		{274D5705-B0A2-4629-8BCF-03ED96A7C9D0} = {480B0BF9-11CF-42B3-B53E-DDE6D23EFDC6}
		{60778B7D-0909-46D2-896F-8805097224A3} = {699D8A8D-0240-4FFA-838D-F2F4565E0654}
		{9DCF328B-47FD-4E70-8617-2256EF09FF62} = {699D8A8D-0240-4FFA-838D-F2F4565E0654}
		{4759F797-EA05-4642-832A-A8BB580C577B} = {0D04860E-B7C5-44AE-A748-9A875169AA35}
	EndGlobalSection
	GlobalSection(ExtensibilityGlobals) = postSolution
		SolutionGuid = {1E938D9B-3F97-43B8-8F36-848D2AC1880A}
	EndGlobalSection
EndGlobal